
Microsoft Visual Studio Solution File, Format Version 12.00
# Visual Studio Version 16
VisualStudioVersion = 16.0.30503.244
MinimumVisualStudioVersion = 10.0.40219.1
Project("{FAE04EC0-301F-11D3-BF4B-00C04F79EFBC}") = "P3DCleanerGUI", "P3DCleanerGUI\P3DCleanerGUI.csproj", "{995DCA67-933E-4A73-8228-39AB25FF57CD}"
EndProject
Global
	GlobalSection(SolutionConfigurationPlatforms) = preSolution
		Debug|Any CPU = Debug|Any CPU
		Release|Any CPU = Release|Any CPU
	EndGlobalSection
	GlobalSection(ProjectConfigurationPlatforms) = postSolution
		{995DCA67-933E-4A73-8228-39AB25FF57CD}.Debug|Any CPU.ActiveCfg = Debug|Any CPU
		{995DCA67-933E-4A73-8228-39AB25FF57CD}.Debug|Any CPU.Build.0 = Debug|Any CPU
		{995DCA67-933E-4A73-8228-39AB25FF57CD}.Release|Any CPU.ActiveCfg = Release|Any CPU
		{995DCA67-933E-4A73-8228-39AB25FF57CD}.Release|Any CPU.Build.0 = Release|Any CPU
	EndGlobalSection
	GlobalSection(SolutionProperties) = preSolution
		HideSolutionNode = FALSE
	EndGlobalSection
	GlobalSection(ExtensibilityGlobals) = postSolution
		SolutionGuid = {1EE9E94B-5D89-4F96-9BB5-466636D8C6D0}
	EndGlobalSection
EndGlobal
